// !$*UTF8*$!
{
	archiveVersion = 1;
	classes = {
	};
	objectVersion = 50;
	objects = {

/* Begin PBXBuildFile section */
		03FD58591CB16BD79544DE0F /* Pods_SmackApp.framework in Frameworks */ = {isa = PBXBuildFile; fileRef = 9FAE2BDE7FD4A2965AB7C265 /* Pods_SmackApp.framework */; };
		0F99DB322073CEB200D87F62 /* AppDelegate.swift in Sources */ = {isa = PBXBuildFile; fileRef = 0F99DB312073CEB200D87F62 /* AppDelegate.swift */; };
		0F99DB372073CEB200D87F62 /* Main.storyboard in Resources */ = {isa = PBXBuildFile; fileRef = 0F99DB352073CEB200D87F62 /* Main.storyboard */; };
		0F99DB392073CEB300D87F62 /* Assets.xcassets in Resources */ = {isa = PBXBuildFile; fileRef = 0F99DB382073CEB300D87F62 /* Assets.xcassets */; };
		0F99DB3C2073CEB300D87F62 /* LaunchScreen.storyboard in Resources */ = {isa = PBXBuildFile; fileRef = 0F99DB3A2073CEB300D87F62 /* LaunchScreen.storyboard */; };
		0FE968782074072300B1BCEA /* ChatVC.swift in Sources */ = {isa = PBXBuildFile; fileRef = 0FE968772074072300B1BCEA /* ChatVC.swift */; };
		0FE9687A2074074600B1BCEA /* ChannelVC.swift in Sources */ = {isa = PBXBuildFile; fileRef = 0FE968792074074600B1BCEA /* ChannelVC.swift */; };
		0FE9688820740DF500B1BCEA /* SWRevealViewController.m in Sources */ = {isa = PBXBuildFile; fileRef = 0FE9688620740DF500B1BCEA /* SWRevealViewController.m */; };
		0FE9688A2074154700B1BCEA /* GradientView.swift in Sources */ = {isa = PBXBuildFile; fileRef = 0FE968892074154700B1BCEA /* GradientView.swift */; };
		0FE9688C2074237000B1BCEA /* Constants.swift in Sources */ = {isa = PBXBuildFile; fileRef = 0FE9688B2074237000B1BCEA /* Constants.swift */; };
		0FE9688F20742BA900B1BCEA /* LoginVC.swift in Sources */ = {isa = PBXBuildFile; fileRef = 0FE9688E20742BA900B1BCEA /* LoginVC.swift */; };
/* End PBXBuildFile section */

/* Begin PBXFileReference section */
		0F99DB2E2073CEB200D87F62 /* SmackApp.app */ = {isa = PBXFileReference; explicitFileType = wrapper.application; includeInIndex = 0; path = SmackApp.app; sourceTree = BUILT_PRODUCTS_DIR; };
		0F99DB312073CEB200D87F62 /* AppDelegate.swift */ = {isa = PBXFileReference; lastKnownFileType = sourcecode.swift; path = AppDelegate.swift; sourceTree = "<group>"; };
		0F99DB362073CEB200D87F62 /* Base */ = {isa = PBXFileReference; lastKnownFileType = file.storyboard; name = Base; path = Base.lproj/Main.storyboard; sourceTree = "<group>"; };
		0F99DB382073CEB300D87F62 /* Assets.xcassets */ = {isa = PBXFileReference; lastKnownFileType = folder.assetcatalog; path = Assets.xcassets; sourceTree = "<group>"; };
		0F99DB3B2073CEB300D87F62 /* Base */ = {isa = PBXFileReference; lastKnownFileType = file.storyboard; name = Base; path = Base.lproj/LaunchScreen.storyboard; sourceTree = "<group>"; };
		0F99DB3D2073CEB300D87F62 /* Info.plist */ = {isa = PBXFileReference; lastKnownFileType = text.plist.xml; path = Info.plist; sourceTree = "<group>"; };
		0FE968772074072300B1BCEA /* ChatVC.swift */ = {isa = PBXFileReference; lastKnownFileType = sourcecode.swift; path = ChatVC.swift; sourceTree = "<group>"; };
		0FE968792074074600B1BCEA /* ChannelVC.swift */ = {isa = PBXFileReference; lastKnownFileType = sourcecode.swift; path = ChannelVC.swift; sourceTree = "<group>"; };
		0FE9688520740DF400B1BCEA /* SmackApp-Bridging-Header.h */ = {isa = PBXFileReference; lastKnownFileType = sourcecode.c.h; path = "SmackApp-Bridging-Header.h"; sourceTree = "<group>"; };
		0FE9688620740DF500B1BCEA /* SWRevealViewController.m */ = {isa = PBXFileReference; fileEncoding = 4; lastKnownFileType = sourcecode.c.objc; path = SWRevealViewController.m; sourceTree = "<group>"; };
		0FE9688720740DF500B1BCEA /* SWRevealViewController.h */ = {isa = PBXFileReference; fileEncoding = 4; lastKnownFileType = sourcecode.c.h; path = SWRevealViewController.h; sourceTree = "<group>"; };
		0FE968892074154700B1BCEA /* GradientView.swift */ = {isa = PBXFileReference; lastKnownFileType = sourcecode.swift; path = GradientView.swift; sourceTree = "<group>"; };
		0FE9688B2074237000B1BCEA /* Constants.swift */ = {isa = PBXFileReference; lastKnownFileType = sourcecode.swift; path = Constants.swift; sourceTree = "<group>"; };
		0FE9688E20742BA900B1BCEA /* LoginVC.swift */ = {isa = PBXFileReference; lastKnownFileType = sourcecode.swift; path = LoginVC.swift; sourceTree = "<group>"; };
		56BFD2B85B4DBB3AD9148C21 /* Pods-SmackApp.debug.xcconfig */ = {isa = PBXFileReference; includeInIndex = 1; lastKnownFileType = text.xcconfig; name = "Pods-SmackApp.debug.xcconfig"; path = "Pods/Target Support Files/Pods-SmackApp/Pods-SmackApp.debug.xcconfig"; sourceTree = "<group>"; };
		9FAE2BDE7FD4A2965AB7C265 /* Pods_SmackApp.framework */ = {isa = PBXFileReference; explicitFileType = wrapper.framework; includeInIndex = 0; path = Pods_SmackApp.framework; sourceTree = BUILT_PRODUCTS_DIR; };
		EA62AABF925BEE884CA86AC5 /* Pods-SmackApp.release.xcconfig */ = {isa = PBXFileReference; includeInIndex = 1; lastKnownFileType = text.xcconfig; name = "Pods-SmackApp.release.xcconfig"; path = "Pods/Target Support Files/Pods-SmackApp/Pods-SmackApp.release.xcconfig"; sourceTree = "<group>"; };
/* End PBXFileReference section */

/* Begin PBXFrameworksBuildPhase section */
		0F99DB2B2073CEB200D87F62 /* Frameworks */ = {
			isa = PBXFrameworksBuildPhase;
			buildActionMask = 2147483647;
			files = (
				03FD58591CB16BD79544DE0F /* Pods_SmackApp.framework in Frameworks */,
			);
			runOnlyForDeploymentPostprocessing = 0;
		};
/* End PBXFrameworksBuildPhase section */

/* Begin PBXGroup section */
		0F99DB252073CEB200D87F62 = {
			isa = PBXGroup;
			children = (
				0F99DB302073CEB200D87F62 /* SmackApp */,
				0F99DB2F2073CEB200D87F62 /* Products */,
				F724641BC8EBAEDFD6EF5473 /* Pods */,
				C70EDD51DFD3D87636287353 /* Frameworks */,
			);
			sourceTree = "<group>";
		};
		0F99DB2F2073CEB200D87F62 /* Products */ = {
			isa = PBXGroup;
			children = (
				0F99DB2E2073CEB200D87F62 /* SmackApp.app */,
			);
			name = Products;
			sourceTree = "<group>";
		};
		0F99DB302073CEB200D87F62 /* SmackApp */ = {
			isa = PBXGroup;
			children = (
				0FE9688D2074238300B1BCEA /* Utilities */,
				0FE96876207406EB00B1BCEA /* Model */,
				0FE96875207406E000B1BCEA /* View */,
				0FE96874207406CE00B1BCEA /* Controller */,
				0F99DB312073CEB200D87F62 /* AppDelegate.swift */,
				0F99DB352073CEB200D87F62 /* Main.storyboard */,
				0F99DB382073CEB300D87F62 /* Assets.xcassets */,
				0F99DB3A2073CEB300D87F62 /* LaunchScreen.storyboard */,
				0F99DB3D2073CEB300D87F62 /* Info.plist */,
			);
			path = SmackApp;
			sourceTree = "<group>";
		};
		0FE96874207406CE00B1BCEA /* Controller */ = {
			isa = PBXGroup;
			children = (
				0FE9687E20740D4D00B1BCEA /* SupportingFiles */,
				0FE968772074072300B1BCEA /* ChatVC.swift */,
				0FE968792074074600B1BCEA /* ChannelVC.swift */,
				0FE9688E20742BA900B1BCEA /* LoginVC.swift */,
			);
			path = Controller;
			sourceTree = "<group>";
		};
		0FE96875207406E000B1BCEA /* View */ = {
			isa = PBXGroup;
			children = (
				0FE968892074154700B1BCEA /* GradientView.swift */,
			);
			path = View;
			sourceTree = "<group>";
		};
		0FE96876207406EB00B1BCEA /* Model */ = {
			isa = PBXGroup;
			children = (
			);
			path = Model;
			sourceTree = "<group>";
		};
		0FE9687E20740D4D00B1BCEA /* SupportingFiles */ = {
			isa = PBXGroup;
			children = (
				0FE9688720740DF500B1BCEA /* SWRevealViewController.h */,
				0FE9688620740DF500B1BCEA /* SWRevealViewController.m */,
				0FE9688520740DF400B1BCEA /* SmackApp-Bridging-Header.h */,
			);
			path = SupportingFiles;
			sourceTree = "<group>";
		};
		0FE9688D2074238300B1BCEA /* Utilities */ = {
			isa = PBXGroup;
			children = (
				0FE9688B2074237000B1BCEA /* Constants.swift */,
			);
			path = Utilities;
			sourceTree = "<group>";
		};
		C70EDD51DFD3D87636287353 /* Frameworks */ = {
			isa = PBXGroup;
			children = (
				9FAE2BDE7FD4A2965AB7C265 /* Pods_SmackApp.framework */,
			);
			name = Frameworks;
			sourceTree = "<group>";
		};
		F724641BC8EBAEDFD6EF5473 /* Pods */ = {
			isa = PBXGroup;
			children = (
				56BFD2B85B4DBB3AD9148C21 /* Pods-SmackApp.debug.xcconfig */,
				EA62AABF925BEE884CA86AC5 /* Pods-SmackApp.release.xcconfig */,
			);
			name = Pods;
			sourceTree = "<group>";
		};
/* End PBXGroup section */

/* Begin PBXNativeTarget section */
		0F99DB2D2073CEB200D87F62 /* SmackApp */ = {
			isa = PBXNativeTarget;
			buildConfigurationList = 0F99DB402073CEB300D87F62 /* Build configuration list for PBXNativeTarget "SmackApp" */;
			buildPhases = (
				65585E01BECCCFA2F16BE36C /* [CP] Check Pods Manifest.lock */,
				0F99DB2A2073CEB200D87F62 /* Sources */,
				0F99DB2B2073CEB200D87F62 /* Frameworks */,
				0F99DB2C2073CEB200D87F62 /* Resources */,
				4D8DF7AD1861587FA4E82E37 /* [CP] Embed Pods Frameworks */,
				1D3E5D1DAEB7BC5330E5951E /* [CP] Copy Pods Resources */,
			);
			buildRules = (
			);
			dependencies = (
			);
			name = SmackApp;
			productName = SmackApp;
			productReference = 0F99DB2E2073CEB200D87F62 /* SmackApp.app */;
			productType = "com.apple.product-type.application";
		};
/* End PBXNativeTarget section */

/* Begin PBXProject section */
		0F99DB262073CEB200D87F62 /* Project object */ = {
			isa = PBXProject;
			attributes = {
				LastSwiftUpdateCheck = 0930;
				LastUpgradeCheck = 0930;
				ORGANIZATIONNAME = "Ibrahim Hussein";
				TargetAttributes = {
					0F99DB2D2073CEB200D87F62 = {
						CreatedOnToolsVersion = 9.3;
						LastSwiftMigration = 0930;
					};
				};
			};
			buildConfigurationList = 0F99DB292073CEB200D87F62 /* Build configuration list for PBXProject "SmackApp" */;
			compatibilityVersion = "Xcode 9.3";
			developmentRegion = en;
			hasScannedForEncodings = 0;
			knownRegions = (
				en,
				Base,
			);
			mainGroup = 0F99DB252073CEB200D87F62;
			productRefGroup = 0F99DB2F2073CEB200D87F62 /* Products */;
			projectDirPath = "";
			projectRoot = "";
			targets = (
				0F99DB2D2073CEB200D87F62 /* SmackApp */,
			);
		};
/* End PBXProject section */

/* Begin PBXResourcesBuildPhase section */
		0F99DB2C2073CEB200D87F62 /* Resources */ = {
			isa = PBXResourcesBuildPhase;
			buildActionMask = 2147483647;
			files = (
				0F99DB3C2073CEB300D87F62 /* LaunchScreen.storyboard in Resources */,
				0F99DB392073CEB300D87F62 /* Assets.xcassets in Resources */,
				0F99DB372073CEB200D87F62 /* Main.storyboard in Resources */,
			);
			runOnlyForDeploymentPostprocessing = 0;
		};
/* End PBXResourcesBuildPhase section */

/* Begin PBXShellScriptBuildPhase section */
		1D3E5D1DAEB7BC5330E5951E /* [CP] Copy Pods Resources */ = {
			isa = PBXShellScriptBuildPhase;
			buildActionMask = 2147483647;
			files = (
			);
			inputPaths = (
			);
			name = "[CP] Copy Pods Resources";
			outputPaths = (
			);
			runOnlyForDeploymentPostprocessing = 0;
			shellPath = /bin/sh;
			shellScript = "\"${SRCROOT}/Pods/Target Support Files/Pods-SmackApp/Pods-SmackApp-resources.sh\"\n";
			showEnvVarsInLog = 0;
		};
		4D8DF7AD1861587FA4E82E37 /* [CP] Embed Pods Frameworks */ = {
			isa = PBXShellScriptBuildPhase;
			buildActionMask = 2147483647;
			files = (
			);
			inputPaths = (
				"${SRCROOT}/Pods/Target Support Files/Pods-SmackApp/Pods-SmackApp-frameworks.sh",
				"${BUILT_PRODUCTS_DIR}/Alamofire/Alamofire.framework",
				"${BUILT_PRODUCTS_DIR}/Socket.IO-Client-Swift/SocketIO.framework",
				"${BUILT_PRODUCTS_DIR}/Starscream/Starscream.framework",
				"${BUILT_PRODUCTS_DIR}/SwiftyJSON/SwiftyJSON.framework",
			);
			name = "[CP] Embed Pods Frameworks";
			outputPaths = (
				"${TARGET_BUILD_DIR}/${FRAMEWORKS_FOLDER_PATH}/Alamofire.framework",
				"${TARGET_BUILD_DIR}/${FRAMEWORKS_FOLDER_PATH}/SocketIO.framework",
				"${TARGET_BUILD_DIR}/${FRAMEWORKS_FOLDER_PATH}/Starscream.framework",
				"${TARGET_BUILD_DIR}/${FRAMEWORKS_FOLDER_PATH}/SwiftyJSON.framework",
			);
			runOnlyForDeploymentPostprocessing = 0;
			shellPath = /bin/sh;
			shellScript = "\"${SRCROOT}/Pods/Target Support Files/Pods-SmackApp/Pods-SmackApp-frameworks.sh\"\n";
			showEnvVarsInLog = 0;
		};
		65585E01BECCCFA2F16BE36C /* [CP] Check Pods Manifest.lock */ = {
			isa = PBXShellScriptBuildPhase;
			buildActionMask = 2147483647;
			files = (
			);
			inputPaths = (
				"${PODS_PODFILE_DIR_PATH}/Podfile.lock",
				"${PODS_ROOT}/Manifest.lock",
			);
			name = "[CP] Check Pods Manifest.lock";
			outputPaths = (
				"$(DERIVED_FILE_DIR)/Pods-SmackApp-checkManifestLockResult.txt",
			);
			runOnlyForDeploymentPostprocessing = 0;
			shellPath = /bin/sh;
			shellScript = "diff \"${PODS_PODFILE_DIR_PATH}/Podfile.lock\" \"${PODS_ROOT}/Manifest.lock\" > /dev/null\nif [ $? != 0 ] ; then\n    # print error to STDERR\n    echo \"error: The sandbox is not in sync with the Podfile.lock. Run 'pod install' or update your CocoaPods installation.\" >&2\n    exit 1\nfi\n# This output is used by Xcode 'outputs' to avoid re-running this script phase.\necho \"SUCCESS\" > \"${SCRIPT_OUTPUT_FILE_0}\"\n";
			showEnvVarsInLog = 0;
		};
/* End PBXShellScriptBuildPhase section */

/* Begin PBXSourcesBuildPhase section */
		0F99DB2A2073CEB200D87F62 /* Sources */ = {
			isa = PBXSourcesBuildPhase;
			buildActionMask = 2147483647;
			files = (
				0FE9688A2074154700B1BCEA /* GradientView.swift in Sources */,
				0FE9687A2074074600B1BCEA /* ChannelVC.swift in Sources */,
				0FE9688F20742BA900B1BCEA /* LoginVC.swift in Sources */,
				0FE968782074072300B1BCEA /* ChatVC.swift in Sources */,
				0F99DB322073CEB200D87F62 /* AppDelegate.swift in Sources */,
				0FE9688820740DF500B1BCEA /* SWRevealViewController.m in Sources */,
				0FE9688C2074237000B1BCEA /* Constants.swift in Sources */,
			);
			runOnlyForDeploymentPostprocessing = 0;
		};
/* End PBXSourcesBuildPhase section */

/* Begin PBXVariantGroup section */
		0F99DB352073CEB200D87F62 /* Main.storyboard */ = {
			isa = PBXVariantGroup;
			children = (
				0F99DB362073CEB200D87F62 /* Base */,
			);
			name = Main.storyboard;
			sourceTree = "<group>";
		};
		0F99DB3A2073CEB300D87F62 /* LaunchScreen.storyboard */ = {
			isa = PBXVariantGroup;
			children = (
				0F99DB3B2073CEB300D87F62 /* Base */,
			);
			name = LaunchScreen.storyboard;
			sourceTree = "<group>";
		};
/* End PBXVariantGroup section */

/* Begin XCBuildConfiguration section */
		0F99DB3E2073CEB300D87F62 /* Debug */ = {
			isa = XCBuildConfiguration;
			buildSettings = {
				ALWAYS_SEARCH_USER_PATHS = NO;
				CLANG_ANALYZER_NONNULL = YES;
				CLANG_ANALYZER_NUMBER_OBJECT_CONVERSION = YES_AGGRESSIVE;
				CLANG_CXX_LANGUAGE_STANDARD = "gnu++14";
				CLANG_CXX_LIBRARY = "libc++";
				CLANG_ENABLE_MODULES = YES;
				CLANG_ENABLE_OBJC_ARC = YES;
				CLANG_ENABLE_OBJC_WEAK = YES;
				CLANG_WARN_BLOCK_CAPTURE_AUTORELEASING = YES;
				CLANG_WARN_BOOL_CONVERSION = YES;
				CLANG_WARN_COMMA = YES;
				CLANG_WARN_CONSTANT_CONVERSION = YES;
				CLANG_WARN_DEPRECATED_OBJC_IMPLEMENTATIONS = YES;
				CLANG_WARN_DIRECT_OBJC_ISA_USAGE = YES_ERROR;
				CLANG_WARN_DOCUMENTATION_COMMENTS = YES;
				CLANG_WARN_EMPTY_BODY = YES;
				CLANG_WARN_ENUM_CONVERSION = YES;
				CLANG_WARN_INFINITE_RECURSION = YES;
				CLANG_WARN_INT_CONVERSION = YES;
				CLANG_WARN_NON_LITERAL_NULL_CONVERSION = YES;
				CLANG_WARN_OBJC_IMPLICIT_RETAIN_SELF = YES;
				CLANG_WARN_OBJC_LITERAL_CONVERSION = YES;
				CLANG_WARN_OBJC_ROOT_CLASS = YES_ERROR;
				CLANG_WARN_RANGE_LOOP_ANALYSIS = YES;
				CLANG_WARN_STRICT_PROTOTYPES = YES;
				CLANG_WARN_SUSPICIOUS_MOVE = YES;
				CLANG_WARN_UNGUARDED_AVAILABILITY = YES_AGGRESSIVE;
				CLANG_WARN_UNREACHABLE_CODE = YES;
				CLANG_WARN__DUPLICATE_METHOD_MATCH = YES;
				CODE_SIGN_IDENTITY = "iPhone Developer";
				COPY_PHASE_STRIP = NO;
				DEBUG_INFORMATION_FORMAT = dwarf;
				ENABLE_STRICT_OBJC_MSGSEND = YES;
				ENABLE_TESTABILITY = YES;
				GCC_C_LANGUAGE_STANDARD = gnu11;
				GCC_DYNAMIC_NO_PIC = NO;
				GCC_NO_COMMON_BLOCKS = YES;
				GCC_OPTIMIZATION_LEVEL = 0;
				GCC_PREPROCESSOR_DEFINITIONS = (
					"DEBUG=1",
					"$(inherited)",
				);
				GCC_WARN_64_TO_32_BIT_CONVERSION = YES;
				GCC_WARN_ABOUT_RETURN_TYPE = YES_ERROR;
				GCC_WARN_UNDECLARED_SELECTOR = YES;
				GCC_WARN_UNINITIALIZED_AUTOS = YES_AGGRESSIVE;
				GCC_WARN_UNUSED_FUNCTION = YES;
				GCC_WARN_UNUSED_VARIABLE = YES;
				IPHONEOS_DEPLOYMENT_TARGET = 11.3;
				MTL_ENABLE_DEBUG_INFO = YES;
				ONLY_ACTIVE_ARCH = YES;
				SDKROOT = iphoneos;
				SWIFT_ACTIVE_COMPILATION_CONDITIONS = DEBUG;
				SWIFT_OPTIMIZATION_LEVEL = "-Onone";
			};
			name = Debug;
		};
		0F99DB3F2073CEB300D87F62 /* Release */ = {
			isa = XCBuildConfiguration;
			buildSettings = {
				ALWAYS_SEARCH_USER_PATHS = NO;
				CLANG_ANALYZER_NONNULL = YES;
				CLANG_ANALYZER_NUMBER_OBJECT_CONVERSION = YES_AGGRESSIVE;
				CLANG_CXX_LANGUAGE_STANDARD = "gnu++14";
				CLANG_CXX_LIBRARY = "libc++";
				CLANG_ENABLE_MODULES = YES;
				CLANG_ENABLE_OBJC_ARC = YES;
				CLANG_ENABLE_OBJC_WEAK = YES;
				CLANG_WARN_BLOCK_CAPTURE_AUTORELEASING = YES;
				CLANG_WARN_BOOL_CONVERSION = YES;
				CLANG_WARN_COMMA = YES;
				CLANG_WARN_CONSTANT_CONVERSION = YES;
				CLANG_WARN_DEPRECATED_OBJC_IMPLEMENTATIONS = YES;
				CLANG_WARN_DIRECT_OBJC_ISA_USAGE = YES_ERROR;
				CLANG_WARN_DOCUMENTATION_COMMENTS = YES;
				CLANG_WARN_EMPTY_BODY = YES;
				CLANG_WARN_ENUM_CONVERSION = YES;
				CLANG_WARN_INFINITE_RECURSION = YES;
				CLANG_WARN_INT_CONVERSION = YES;
				CLANG_WARN_NON_LITERAL_NULL_CONVERSION = YES;
				CLANG_WARN_OBJC_IMPLICIT_RETAIN_SELF = YES;
				CLANG_WARN_OBJC_LITERAL_CONVERSION = YES;
				CLANG_WARN_OBJC_ROOT_CLASS = YES_ERROR;
				CLANG_WARN_RANGE_LOOP_ANALYSIS = YES;
				CLANG_WARN_STRICT_PROTOTYPES = YES;
				CLANG_WARN_SUSPICIOUS_MOVE = YES;
				CLANG_WARN_UNGUARDED_AVAILABILITY = YES_AGGRESSIVE;
				CLANG_WARN_UNREACHABLE_CODE = YES;
				CLANG_WARN__DUPLICATE_METHOD_MATCH = YES;
				CODE_SIGN_IDENTITY = "iPhone Developer";
				COPY_PHASE_STRIP = NO;
				DEBUG_INFORMATION_FORMAT = "dwarf-with-dsym";
				ENABLE_NS_ASSERTIONS = NO;
				ENABLE_STRICT_OBJC_MSGSEND = YES;
				GCC_C_LANGUAGE_STANDARD = gnu11;
				GCC_NO_COMMON_BLOCKS = YES;
				GCC_WARN_64_TO_32_BIT_CONVERSION = YES;
				GCC_WARN_ABOUT_RETURN_TYPE = YES_ERROR;
				GCC_WARN_UNDECLARED_SELECTOR = YES;
				GCC_WARN_UNINITIALIZED_AUTOS = YES_AGGRESSIVE;
				GCC_WARN_UNUSED_FUNCTION = YES;
				GCC_WARN_UNUSED_VARIABLE = YES;
				IPHONEOS_DEPLOYMENT_TARGET = 11.3;
				MTL_ENABLE_DEBUG_INFO = NO;
				SDKROOT = iphoneos;
				SWIFT_COMPILATION_MODE = wholemodule;
				SWIFT_OPTIMIZATION_LEVEL = "-O";
				VALIDATE_PRODUCT = YES;
			};
			name = Release;
		};
		0F99DB412073CEB300D87F62 /* Debug */ = {
			isa = XCBuildConfiguration;
			baseConfigurationReference = 56BFD2B85B4DBB3AD9148C21 /* Pods-SmackApp.debug.xcconfig */;
			buildSettings = {
				ASSETCATALOG_COMPILER_APPICON_NAME = AppIcon;
				CLANG_ENABLE_MODULES = YES;
				CODE_SIGN_STYLE = Automatic;
				INFOPLIST_FILE = SmackApp/Info.plist;
				LD_RUNPATH_SEARCH_PATHS = (
					"$(inherited)",
					"@executable_path/Frameworks",
				);
				PRODUCT_BUNDLE_IDENTIFIER = Project.SmackApp;
				PRODUCT_NAME = "$(TARGET_NAME)";
				SWIFT_OBJC_BRIDGING_HEADER = "SmackApp/Controller/SupportingFiles/SmackApp-Bridging-Header.h";
				SWIFT_OPTIMIZATION_LEVEL = "-Onone";
				SWIFT_VERSION = 4.0;
				TARGETED_DEVICE_FAMILY = "1,2";
			};
			name = Debug;
		};
		0F99DB422073CEB300D87F62 /* Release */ = {
			isa = XCBuildConfiguration;
			baseConfigurationReference = EA62AABF925BEE884CA86AC5 /* Pods-SmackApp.release.xcconfig */;
			buildSettings = {
				ASSETCATALOG_COMPILER_APPICON_NAME = AppIcon;
				CLANG_ENABLE_MODULES = YES;
				CODE_SIGN_STYLE = Automatic;
				INFOPLIST_FILE = SmackApp/Info.plist;
				LD_RUNPATH_SEARCH_PATHS = (
					"$(inherited)",
					"@executable_path/Frameworks",
				);
				PRODUCT_BUNDLE_IDENTIFIER = Project.SmackApp;
				PRODUCT_NAME = "$(TARGET_NAME)";
				SWIFT_OBJC_BRIDGING_HEADER = "SmackApp/Controller/SupportingFiles/SmackApp-Bridging-Header.h";
				SWIFT_VERSION = 4.0;
				TARGETED_DEVICE_FAMILY = "1,2";
			};
			name = Release;
		};
/* End XCBuildConfiguration section */

/* Begin XCConfigurationList section */
		0F99DB292073CEB200D87F62 /* Build configuration list for PBXProject "SmackApp" */ = {
			isa = XCConfigurationList;
			buildConfigurations = (
				0F99DB3E2073CEB300D87F62 /* Debug */,
				0F99DB3F2073CEB300D87F62 /* Release */,
			);
			defaultConfigurationIsVisible = 0;
			defaultConfigurationName = Release;
		};
		0F99DB402073CEB300D87F62 /* Build configuration list for PBXNativeTarget "SmackApp" */ = {
			isa = XCConfigurationList;
			buildConfigurations = (
				0F99DB412073CEB300D87F62 /* Debug */,
				0F99DB422073CEB300D87F62 /* Release */,
			);
			defaultConfigurationIsVisible = 0;
			defaultConfigurationName = Release;
		};
/* End XCConfigurationList section */
	};
	rootObject = 0F99DB262073CEB200D87F62 /* Project object */;
}
